// !$*UTF8*$!
{
	archiveVersion = 1;
	classes = {
	};
	objectVersion = 56;
	objects = {

/* Begin PBXBuildFile section */
		342B1254C74789D2ABBD8D12 /* Pods_iOS_CoreAnimation_Demo.framework in Frameworks */ = {isa = PBXBuildFile; fileRef = B02DDE6EC060A6C21F77ABCC /* Pods_iOS_CoreAnimation_Demo.framework */; };
		B7E4A3E9B1550EF17C3FFBD2 /* Pods_iOS_CoreAnimation_Demo_iOS_CoreAnimation_DemoUITests.framework in Frameworks */ = {isa = PBXBuildFile; fileRef = 3C7D8A637246722F9950F44B /* Pods_iOS_CoreAnimation_Demo_iOS_CoreAnimation_DemoUITests.framework */; };
		B9B9E8AED21ECB50B2CBFCCF /* Pods_iOS_CoreAnimation_DemoTests.framework in Frameworks */ = {isa = PBXBuildFile; fileRef = 679A2BC732DCA1B42F8DBCC2 /* Pods_iOS_CoreAnimation_DemoTests.framework */; };
		F4659C852B64D54700141B09 /* BasicKnowledgeVC.swift in Sources */ = {isa = PBXBuildFile; fileRef = F4659C842B64D54700141B09 /* BasicKnowledgeVC.swift */; };
		F471E9702B5BC05700978BCC /* AppDelegate.swift in Sources */ = {isa = PBXBuildFile; fileRef = F471E96F2B5BC05700978BCC /* AppDelegate.swift */; };
		F471E9742B5BC05700978BCC /* ViewController.swift in Sources */ = {isa = PBXBuildFile; fileRef = F471E9732B5BC05700978BCC /* ViewController.swift */; };
		F471E9792B5BC05800978BCC /* Assets.xcassets in Resources */ = {isa = PBXBuildFile; fileRef = F471E9782B5BC05800978BCC /* Assets.xcassets */; };
		F471E97C2B5BC05900978BCC /* LaunchScreen.storyboard in Resources */ = {isa = PBXBuildFile; fileRef = F471E97A2B5BC05900978BCC /* LaunchScreen.storyboard */; };
		F471E9872B5BC05900978BCC /* iOS_CoreAnimation_DemoTests.swift in Sources */ = {isa = PBXBuildFile; fileRef = F471E9862B5BC05900978BCC /* iOS_CoreAnimation_DemoTests.swift */; };
		F471E9912B5BC05900978BCC /* iOS_CoreAnimation_DemoUITests.swift in Sources */ = {isa = PBXBuildFile; fileRef = F471E9902B5BC05900978BCC /* iOS_CoreAnimation_DemoUITests.swift */; };
		F471E9932B5BC05900978BCC /* iOS_CoreAnimation_DemoUITestsLaunchTests.swift in Sources */ = {isa = PBXBuildFile; fileRef = F471E9922B5BC05900978BCC /* iOS_CoreAnimation_DemoUITestsLaunchTests.swift */; };
		F4AC50B82B8B52490066114C /* CALayerKnowledgeVC.swift in Sources */ = {isa = PBXBuildFile; fileRef = F4AC50B72B8B52490066114C /* CALayerKnowledgeVC.swift */; };
		F4AC50BA2B8B86C40066114C /* LayerTreeVC.swift in Sources */ = {isa = PBXBuildFile; fileRef = F4AC50B92B8B86C40066114C /* LayerTreeVC.swift */; };
		F4AC50C02B8C33FF0066114C /* TestInilitial.swift in Sources */ = {isa = PBXBuildFile; fileRef = F4AC50BF2B8C33FF0066114C /* TestInilitial.swift */; };
		F4AC50C52B8C3FB10066114C /* CATransfrom3DVC.swift in Sources */ = {isa = PBXBuildFile; fileRef = F4AC50C42B8C3FB10066114C /* CATransfrom3DVC.swift */; };
		F4DCB1DE2B5BCAAA0053D1B3 /* UIScrollView+Extension.swift in Sources */ = {isa = PBXBuildFile; fileRef = F4DCB1DD2B5BCAAA0053D1B3 /* UIScrollView+Extension.swift */; };
		F4DCB1E32B5BD1EF0053D1B3 /* CALength.swift in Sources */ = {isa = PBXBuildFile; fileRef = F4DCB1E22B5BD1EF0053D1B3 /* CALength.swift */; };
		F4DCB1E72B5BD3F60053D1B3 /* BaseAnimationVC.swift in Sources */ = {isa = PBXBuildFile; fileRef = F4DCB1E62B5BD3F60053D1B3 /* BaseAnimationVC.swift */; };
		F4DCB1EA2B5BDF900053D1B3 /* UIView+Frame.swift in Sources */ = {isa = PBXBuildFile; fileRef = F4DCB1E92B5BDF900053D1B3 /* UIView+Frame.swift */; };
/* End PBXBuildFile section */

/* Begin PBXContainerItemProxy section */
		F471E9832B5BC05900978BCC /* PBXContainerItemProxy */ = {
			isa = PBXContainerItemProxy;
			containerPortal = F471E9642B5BC05700978BCC /* Project object */;
			proxyType = 1;
			remoteGlobalIDString = F471E96B2B5BC05700978BCC;
			remoteInfo = iOS_CoreAnimation_Demo;
		};
		F471E98D2B5BC05900978BCC /* PBXContainerItemProxy */ = {
			isa = PBXContainerItemProxy;
			containerPortal = F471E9642B5BC05700978BCC /* Project object */;
			proxyType = 1;
			remoteGlobalIDString = F471E96B2B5BC05700978BCC;
			remoteInfo = iOS_CoreAnimation_Demo;
		};
/* End PBXContainerItemProxy section */

/* Begin PBXFileReference section */
		0BFBD2B902714284A921E149 /* Pods-iOS_CoreAnimation_Demo.release.xcconfig */ = {isa = PBXFileReference; includeInIndex = 1; lastKnownFileType = text.xcconfig; name = "Pods-iOS_CoreAnimation_Demo.release.xcconfig"; path = "Target Support Files/Pods-iOS_CoreAnimation_Demo/Pods-iOS_CoreAnimation_Demo.release.xcconfig"; sourceTree = "<group>"; };
		1F1A4CCE5E274089C492B23F /* Pods-iOS_CoreAnimation_DemoTests.release.xcconfig */ = {isa = PBXFileReference; includeInIndex = 1; lastKnownFileType = text.xcconfig; name = "Pods-iOS_CoreAnimation_DemoTests.release.xcconfig"; path = "Target Support Files/Pods-iOS_CoreAnimation_DemoTests/Pods-iOS_CoreAnimation_DemoTests.release.xcconfig"; sourceTree = "<group>"; };
		3C7D8A637246722F9950F44B /* Pods_iOS_CoreAnimation_Demo_iOS_CoreAnimation_DemoUITests.framework */ = {isa = PBXFileReference; explicitFileType = wrapper.framework; includeInIndex = 0; path = Pods_iOS_CoreAnimation_Demo_iOS_CoreAnimation_DemoUITests.framework; sourceTree = BUILT_PRODUCTS_DIR; };
		679A2BC732DCA1B42F8DBCC2 /* Pods_iOS_CoreAnimation_DemoTests.framework */ = {isa = PBXFileReference; explicitFileType = wrapper.framework; includeInIndex = 0; path = Pods_iOS_CoreAnimation_DemoTests.framework; sourceTree = BUILT_PRODUCTS_DIR; };
		8240FD971DF24E2DC9CC57B4 /* Pods-iOS_CoreAnimation_Demo-iOS_CoreAnimation_DemoUITests.debug.xcconfig */ = {isa = PBXFileReference; includeInIndex = 1; lastKnownFileType = text.xcconfig; name = "Pods-iOS_CoreAnimation_Demo-iOS_CoreAnimation_DemoUITests.debug.xcconfig"; path = "Target Support Files/Pods-iOS_CoreAnimation_Demo-iOS_CoreAnimation_DemoUITests/Pods-iOS_CoreAnimation_Demo-iOS_CoreAnimation_DemoUITests.debug.xcconfig"; sourceTree = "<group>"; };
		A4D3EE7FE4AEE2907A2D9CC3 /* Pods-iOS_CoreAnimation_DemoTests.debug.xcconfig */ = {isa = PBXFileReference; includeInIndex = 1; lastKnownFileType = text.xcconfig; name = "Pods-iOS_CoreAnimation_DemoTests.debug.xcconfig"; path = "Target Support Files/Pods-iOS_CoreAnimation_DemoTests/Pods-iOS_CoreAnimation_DemoTests.debug.xcconfig"; sourceTree = "<group>"; };
		B02DDE6EC060A6C21F77ABCC /* Pods_iOS_CoreAnimation_Demo.framework */ = {isa = PBXFileReference; explicitFileType = wrapper.framework; includeInIndex = 0; path = Pods_iOS_CoreAnimation_Demo.framework; sourceTree = BUILT_PRODUCTS_DIR; };
		E7708D166A141E28D3B25221 /* Pods-iOS_CoreAnimation_Demo.debug.xcconfig */ = {isa = PBXFileReference; includeInIndex = 1; lastKnownFileType = text.xcconfig; name = "Pods-iOS_CoreAnimation_Demo.debug.xcconfig"; path = "Target Support Files/Pods-iOS_CoreAnimation_Demo/Pods-iOS_CoreAnimation_Demo.debug.xcconfig"; sourceTree = "<group>"; };
		F4659C842B64D54700141B09 /* BasicKnowledgeVC.swift */ = {isa = PBXFileReference; lastKnownFileType = sourcecode.swift; path = BasicKnowledgeVC.swift; sourceTree = "<group>"; };
		F471E96C2B5BC05700978BCC /* iOS_CoreAnimation_Demo.app */ = {isa = PBXFileReference; explicitFileType = wrapper.application; includeInIndex = 0; path = iOS_CoreAnimation_Demo.app; sourceTree = BUILT_PRODUCTS_DIR; };
		F471E96F2B5BC05700978BCC /* AppDelegate.swift */ = {isa = PBXFileReference; lastKnownFileType = sourcecode.swift; path = AppDelegate.swift; sourceTree = "<group>"; };
		F471E9732B5BC05700978BCC /* ViewController.swift */ = {isa = PBXFileReference; lastKnownFileType = sourcecode.swift; path = ViewController.swift; sourceTree = "<group>"; };
		F471E9782B5BC05800978BCC /* Assets.xcassets */ = {isa = PBXFileReference; lastKnownFileType = folder.assetcatalog; path = Assets.xcassets; sourceTree = "<group>"; };
		F471E97B2B5BC05900978BCC /* Base */ = {isa = PBXFileReference; lastKnownFileType = file.storyboard; name = Base; path = Base.lproj/LaunchScreen.storyboard; sourceTree = "<group>"; };
		F471E97D2B5BC05900978BCC /* Info.plist */ = {isa = PBXFileReference; lastKnownFileType = text.plist.xml; path = Info.plist; sourceTree = "<group>"; };
		F471E9822B5BC05900978BCC /* iOS_CoreAnimation_DemoTests.xctest */ = {isa = PBXFileReference; explicitFileType = wrapper.cfbundle; includeInIndex = 0; path = iOS_CoreAnimation_DemoTests.xctest; sourceTree = BUILT_PRODUCTS_DIR; };
		F471E9862B5BC05900978BCC /* iOS_CoreAnimation_DemoTests.swift */ = {isa = PBXFileReference; lastKnownFileType = sourcecode.swift; path = iOS_CoreAnimation_DemoTests.swift; sourceTree = "<group>"; };
		F471E98C2B5BC05900978BCC /* iOS_CoreAnimation_DemoUITests.xctest */ = {isa = PBXFileReference; explicitFileType = wrapper.cfbundle; includeInIndex = 0; path = iOS_CoreAnimation_DemoUITests.xctest; sourceTree = BUILT_PRODUCTS_DIR; };
		F471E9902B5BC05900978BCC /* iOS_CoreAnimation_DemoUITests.swift */ = {isa = PBXFileReference; lastKnownFileType = sourcecode.swift; path = iOS_CoreAnimation_DemoUITests.swift; sourceTree = "<group>"; };
		F471E9922B5BC05900978BCC /* iOS_CoreAnimation_DemoUITestsLaunchTests.swift */ = {isa = PBXFileReference; lastKnownFileType = sourcecode.swift; path = iOS_CoreAnimation_DemoUITestsLaunchTests.swift; sourceTree = "<group>"; };
		F4AC50B72B8B52490066114C /* CALayerKnowledgeVC.swift */ = {isa = PBXFileReference; lastKnownFileType = sourcecode.swift; path = CALayerKnowledgeVC.swift; sourceTree = "<group>"; };
		F4AC50B92B8B86C40066114C /* LayerTreeVC.swift */ = {isa = PBXFileReference; lastKnownFileType = sourcecode.swift; path = LayerTreeVC.swift; sourceTree = "<group>"; };
		F4AC50BB2B8C27C80066114C /* iOS_CoreAnimation_Demo-Bridging-Header.h */ = {isa = PBXFileReference; lastKnownFileType = sourcecode.c.h; path = "iOS_CoreAnimation_Demo-Bridging-Header.h"; sourceTree = "<group>"; };
		F4AC50BF2B8C33FF0066114C /* TestInilitial.swift */ = {isa = PBXFileReference; lastKnownFileType = sourcecode.swift; path = TestInilitial.swift; sourceTree = "<group>"; };
		F4AC50C42B8C3FB10066114C /* CATransfrom3DVC.swift */ = {isa = PBXFileReference; lastKnownFileType = sourcecode.swift; path = CATransfrom3DVC.swift; sourceTree = "<group>"; };
		F4DCB1DD2B5BCAAA0053D1B3 /* UIScrollView+Extension.swift */ = {isa = PBXFileReference; lastKnownFileType = sourcecode.swift; path = "UIScrollView+Extension.swift"; sourceTree = "<group>"; };
		F4DCB1E22B5BD1EF0053D1B3 /* CALength.swift */ = {isa = PBXFileReference; fileEncoding = 4; lastKnownFileType = sourcecode.swift; path = CALength.swift; sourceTree = "<group>"; };
		F4DCB1E62B5BD3F60053D1B3 /* BaseAnimationVC.swift */ = {isa = PBXFileReference; lastKnownFileType = sourcecode.swift; path = BaseAnimationVC.swift; sourceTree = "<group>"; };
		F4DCB1E92B5BDF900053D1B3 /* UIView+Frame.swift */ = {isa = PBXFileReference; lastKnownFileType = sourcecode.swift; path = "UIView+Frame.swift"; sourceTree = "<group>"; };
		F69DCF603E3574A849764EE5 /* Pods-iOS_CoreAnimation_Demo-iOS_CoreAnimation_DemoUITests.release.xcconfig */ = {isa = PBXFileReference; includeInIndex = 1; lastKnownFileType = text.xcconfig; name = "Pods-iOS_CoreAnimation_Demo-iOS_CoreAnimation_DemoUITests.release.xcconfig"; path = "Target Support Files/Pods-iOS_CoreAnimation_Demo-iOS_CoreAnimation_DemoUITests/Pods-iOS_CoreAnimation_Demo-iOS_CoreAnimation_DemoUITests.release.xcconfig"; sourceTree = "<group>"; };
/* End PBXFileReference section */

/* Begin PBXFrameworksBuildPhase section */
		F471E9692B5BC05700978BCC /* Frameworks */ = {
			isa = PBXFrameworksBuildPhase;
			buildActionMask = 2147483647;
			files = (
				342B1254C74789D2ABBD8D12 /* Pods_iOS_CoreAnimation_Demo.framework in Frameworks */,
			);
			runOnlyForDeploymentPostprocessing = 0;
		};
		F471E97F2B5BC05900978BCC /* Frameworks */ = {
			isa = PBXFrameworksBuildPhase;
			buildActionMask = 2147483647;
			files = (
				B9B9E8AED21ECB50B2CBFCCF /* Pods_iOS_CoreAnimation_DemoTests.framework in Frameworks */,
			);
			runOnlyForDeploymentPostprocessing = 0;
		};
		F471E9892B5BC05900978BCC /* Frameworks */ = {
			isa = PBXFrameworksBuildPhase;
			buildActionMask = 2147483647;
			files = (
				B7E4A3E9B1550EF17C3FFBD2 /* Pods_iOS_CoreAnimation_Demo_iOS_CoreAnimation_DemoUITests.framework in Frameworks */,
			);
			runOnlyForDeploymentPostprocessing = 0;
		};
/* End PBXFrameworksBuildPhase section */

/* Begin PBXGroup section */
		3609B7BDDB14DB3E36A03A64 /* Frameworks */ = {
			isa = PBXGroup;
			children = (
				B02DDE6EC060A6C21F77ABCC /* Pods_iOS_CoreAnimation_Demo.framework */,
				3C7D8A637246722F9950F44B /* Pods_iOS_CoreAnimation_Demo_iOS_CoreAnimation_DemoUITests.framework */,
				679A2BC732DCA1B42F8DBCC2 /* Pods_iOS_CoreAnimation_DemoTests.framework */,
			);
			name = Frameworks;
			sourceTree = "<group>";
		};
		F471E9632B5BC05700978BCC = {
			isa = PBXGroup;
			children = (
				F471E96E2B5BC05700978BCC /* iOS_CoreAnimation_Demo */,
				F471E9852B5BC05900978BCC /* iOS_CoreAnimation_DemoTests */,
				F471E98F2B5BC05900978BCC /* iOS_CoreAnimation_DemoUITests */,
				F471E96D2B5BC05700978BCC /* Products */,
				F7B188097E058FF83B578AE9 /* Pods */,
				3609B7BDDB14DB3E36A03A64 /* Frameworks */,
			);
			sourceTree = "<group>";
		};
		F471E96D2B5BC05700978BCC /* Products */ = {
			isa = PBXGroup;
			children = (
				F471E96C2B5BC05700978BCC /* iOS_CoreAnimation_Demo.app */,
				F471E9822B5BC05900978BCC /* iOS_CoreAnimation_DemoTests.xctest */,
				F471E98C2B5BC05900978BCC /* iOS_CoreAnimation_DemoUITests.xctest */,
			);
			name = Products;
			sourceTree = "<group>";
		};
		F471E96E2B5BC05700978BCC /* iOS_CoreAnimation_Demo */ = {
			isa = PBXGroup;
			children = (
				F471E96F2B5BC05700978BCC /* AppDelegate.swift */,
				F471E9732B5BC05700978BCC /* ViewController.swift */,
				F4659C842B64D54700141B09 /* BasicKnowledgeVC.swift */,
				F4DCB1E62B5BD3F60053D1B3 /* BaseAnimationVC.swift */,
				F4AC50B72B8B52490066114C /* CALayerKnowledgeVC.swift */,
				F4AC50C42B8C3FB10066114C /* CATransfrom3DVC.swift */,
				F4AC50B92B8B86C40066114C /* LayerTreeVC.swift */,
				F4AC50BF2B8C33FF0066114C /* TestInilitial.swift */,
				F4DCB1DD2B5BCAAA0053D1B3 /* UIScrollView+Extension.swift */,
				F471E9782B5BC05800978BCC /* Assets.xcassets */,
				F471E97A2B5BC05900978BCC /* LaunchScreen.storyboard */,
				F471E97D2B5BC05900978BCC /* Info.plist */,
				F4DCB1E82B5BDF4F0053D1B3 /* Tools */,
				F4DCB1DF2B5BD1E00053D1B3 /* Define */,
				F4AC50BB2B8C27C80066114C /* iOS_CoreAnimation_Demo-Bridging-Header.h */,
			);
			path = iOS_CoreAnimation_Demo;
			sourceTree = "<group>";
		};
		F471E9852B5BC05900978BCC /* iOS_CoreAnimation_DemoTests */ = {
			isa = PBXGroup;
			children = (
				F471E9862B5BC05900978BCC /* iOS_CoreAnimation_DemoTests.swift */,
			);
			path = iOS_CoreAnimation_DemoTests;
			sourceTree = "<group>";
		};
		F471E98F2B5BC05900978BCC /* iOS_CoreAnimation_DemoUITests */ = {
			isa = PBXGroup;
			children = (
				F471E9902B5BC05900978BCC /* iOS_CoreAnimation_DemoUITests.swift */,
				F471E9922B5BC05900978BCC /* iOS_CoreAnimation_DemoUITestsLaunchTests.swift */,
			);
			path = iOS_CoreAnimation_DemoUITests;
			sourceTree = "<group>";
		};
		F4DCB1DF2B5BD1E00053D1B3 /* Define */ = {
			isa = PBXGroup;
			children = (
				F4DCB1E22B5BD1EF0053D1B3 /* CALength.swift */,
			);
			path = Define;
			sourceTree = "<group>";
		};
		F4DCB1E82B5BDF4F0053D1B3 /* Tools */ = {
			isa = PBXGroup;
			children = (
				F4DCB1E92B5BDF900053D1B3 /* UIView+Frame.swift */,
			);
			path = Tools;
			sourceTree = "<group>";
		};
		F7B188097E058FF83B578AE9 /* Pods */ = {
			isa = PBXGroup;
			children = (
				E7708D166A141E28D3B25221 /* Pods-iOS_CoreAnimation_Demo.debug.xcconfig */,
				0BFBD2B902714284A921E149 /* Pods-iOS_CoreAnimation_Demo.release.xcconfig */,
				8240FD971DF24E2DC9CC57B4 /* Pods-iOS_CoreAnimation_Demo-iOS_CoreAnimation_DemoUITests.debug.xcconfig */,
				F69DCF603E3574A849764EE5 /* Pods-iOS_CoreAnimation_Demo-iOS_CoreAnimation_DemoUITests.release.xcconfig */,
				A4D3EE7FE4AEE2907A2D9CC3 /* Pods-iOS_CoreAnimation_DemoTests.debug.xcconfig */,
				1F1A4CCE5E274089C492B23F /* Pods-iOS_CoreAnimation_DemoTests.release.xcconfig */,
			);
			path = Pods;
			sourceTree = "<group>";
		};
/* End PBXGroup section */

/* Begin PBXNativeTarget section */
		F471E96B2B5BC05700978BCC /* iOS_CoreAnimation_Demo */ = {
			isa = PBXNativeTarget;
			buildConfigurationList = F471E9962B5BC05900978BCC /* Build configuration list for PBXNativeTarget "iOS_CoreAnimation_Demo" */;
			buildPhases = (
				E1D4A074E66AA267BE2736F7 /* [CP] Check Pods Manifest.lock */,
				F471E9682B5BC05700978BCC /* Sources */,
				F471E9692B5BC05700978BCC /* Frameworks */,
				F471E96A2B5BC05700978BCC /* Resources */,
				7E15967B7FB62A760160DEE5 /* [CP] Embed Pods Frameworks */,
			);
			buildRules = (
			);
			dependencies = (
			);
			name = iOS_CoreAnimation_Demo;
			productName = iOS_CoreAnimation_Demo;
			productReference = F471E96C2B5BC05700978BCC /* iOS_CoreAnimation_Demo.app */;
			productType = "com.apple.product-type.application";
		};
		F471E9812B5BC05900978BCC /* iOS_CoreAnimation_DemoTests */ = {
			isa = PBXNativeTarget;
			buildConfigurationList = F471E9992B5BC05900978BCC /* Build configuration list for PBXNativeTarget "iOS_CoreAnimation_DemoTests" */;
			buildPhases = (
				8725E2A64179C092793140AE /* [CP] Check Pods Manifest.lock */,
				F471E97E2B5BC05900978BCC /* Sources */,
				F471E97F2B5BC05900978BCC /* Frameworks */,
				F471E9802B5BC05900978BCC /* Resources */,
			);
			buildRules = (
			);
			dependencies = (
				F471E9842B5BC05900978BCC /* PBXTargetDependency */,
			);
			name = iOS_CoreAnimation_DemoTests;
			productName = iOS_CoreAnimation_DemoTests;
			productReference = F471E9822B5BC05900978BCC /* iOS_CoreAnimation_DemoTests.xctest */;
			productType = "com.apple.product-type.bundle.unit-test";
		};
		F471E98B2B5BC05900978BCC /* iOS_CoreAnimation_DemoUITests */ = {
			isa = PBXNativeTarget;
			buildConfigurationList = F471E99C2B5BC05900978BCC /* Build configuration list for PBXNativeTarget "iOS_CoreAnimation_DemoUITests" */;
			buildPhases = (
				588933B67CFB2F8B7FE465B8 /* [CP] Check Pods Manifest.lock */,
				F471E9882B5BC05900978BCC /* Sources */,
				F471E9892B5BC05900978BCC /* Frameworks */,
				F471E98A2B5BC05900978BCC /* Resources */,
				8C13DDDB8FAF97A8E985D157 /* [CP] Embed Pods Frameworks */,
			);
			buildRules = (
			);
			dependencies = (
				F471E98E2B5BC05900978BCC /* PBXTargetDependency */,
			);
			name = iOS_CoreAnimation_DemoUITests;
			productName = iOS_CoreAnimation_DemoUITests;
			productReference = F471E98C2B5BC05900978BCC /* iOS_CoreAnimation_DemoUITests.xctest */;
			productType = "com.apple.product-type.bundle.ui-testing";
		};
/* End PBXNativeTarget section */

/* Begin PBXProject section */
		F471E9642B5BC05700978BCC /* Project object */ = {
			isa = PBXProject;
			attributes = {
				BuildIndependentTargetsInParallel = 1;
				LastSwiftUpdateCheck = 1430;
				LastUpgradeCheck = 1430;
				TargetAttributes = {
					F471E96B2B5BC05700978BCC = {
						CreatedOnToolsVersion = 14.3.1;
						LastSwiftMigration = 1430;
					};
					F471E9812B5BC05900978BCC = {
						CreatedOnToolsVersion = 14.3.1;
						TestTargetID = F471E96B2B5BC05700978BCC;
					};
					F471E98B2B5BC05900978BCC = {
						CreatedOnToolsVersion = 14.3.1;
						TestTargetID = F471E96B2B5BC05700978BCC;
					};
				};
			};
			buildConfigurationList = F471E9672B5BC05700978BCC /* Build configuration list for PBXProject "iOS_CoreAnimation_Demo" */;
			compatibilityVersion = "Xcode 14.0";
			developmentRegion = en;
			hasScannedForEncodings = 0;
			knownRegions = (
				en,
				Base,
			);
			mainGroup = F471E9632B5BC05700978BCC;
			productRefGroup = F471E96D2B5BC05700978BCC /* Products */;
			projectDirPath = "";
			projectRoot = "";
			targets = (
				F471E96B2B5BC05700978BCC /* iOS_CoreAnimation_Demo */,
				F471E9812B5BC05900978BCC /* iOS_CoreAnimation_DemoTests */,
				F471E98B2B5BC05900978BCC /* iOS_CoreAnimation_DemoUITests */,
			);
		};
/* End PBXProject section */

/* Begin PBXResourcesBuildPhase section */
		F471E96A2B5BC05700978BCC /* Resources */ = {
			isa = PBXResourcesBuildPhase;
			buildActionMask = 2147483647;
			files = (
				F471E97C2B5BC05900978BCC /* LaunchScreen.storyboard in Resources */,
				F471E9792B5BC05800978BCC /* Assets.xcassets in Resources */,
			);
			runOnlyForDeploymentPostprocessing = 0;
		};
		F471E9802B5BC05900978BCC /* Resources */ = {
			isa = PBXResourcesBuildPhase;
			buildActionMask = 2147483647;
			files = (
			);
			runOnlyForDeploymentPostprocessing = 0;
		};
		F471E98A2B5BC05900978BCC /* Resources */ = {
			isa = PBXResourcesBuildPhase;
			buildActionMask = 2147483647;
			files = (
			);
			runOnlyForDeploymentPostprocessing = 0;
		};
/* End PBXResourcesBuildPhase section */

/* Begin PBXShellScriptBuildPhase section */
		588933B67CFB2F8B7FE465B8 /* [CP] Check Pods Manifest.lock */ = {
			isa = PBXShellScriptBuildPhase;
			buildActionMask = 2147483647;
			files = (
			);
			inputFileListPaths = (
			);
			inputPaths = (
				"${PODS_PODFILE_DIR_PATH}/Podfile.lock",
				"${PODS_ROOT}/Manifest.lock",
			);
			name = "[CP] Check Pods Manifest.lock";
			outputFileListPaths = (
			);
			outputPaths = (
				"$(DERIVED_FILE_DIR)/Pods-iOS_CoreAnimation_Demo-iOS_CoreAnimation_DemoUITests-checkManifestLockResult.txt",
			);
			runOnlyForDeploymentPostprocessing = 0;
			shellPath = /bin/sh;
			shellScript = "diff \"${PODS_PODFILE_DIR_PATH}/Podfile.lock\" \"${PODS_ROOT}/Manifest.lock\" > /dev/null\nif [ $? != 0 ] ; then\n    # print error to STDERR\n    echo \"error: The sandbox is not in sync with the Podfile.lock. Run 'pod install' or update your CocoaPods installation.\" >&2\n    exit 1\nfi\n# This output is used by Xcode 'outputs' to avoid re-running this script phase.\necho \"SUCCESS\" > \"${SCRIPT_OUTPUT_FILE_0}\"\n";
			showEnvVarsInLog = 0;
		};
		7E15967B7FB62A760160DEE5 /* [CP] Embed Pods Frameworks */ = {
			isa = PBXShellScriptBuildPhase;
			buildActionMask = 2147483647;
			files = (
			);
			inputFileListPaths = (
				"${PODS_ROOT}/Target Support Files/Pods-iOS_CoreAnimation_Demo/Pods-iOS_CoreAnimation_Demo-frameworks-${CONFIGURATION}-input-files.xcfilelist",
			);
			name = "[CP] Embed Pods Frameworks";
			outputFileListPaths = (
				"${PODS_ROOT}/Target Support Files/Pods-iOS_CoreAnimation_Demo/Pods-iOS_CoreAnimation_Demo-frameworks-${CONFIGURATION}-output-files.xcfilelist",
			);
			runOnlyForDeploymentPostprocessing = 0;
			shellPath = /bin/sh;
			shellScript = "\"${PODS_ROOT}/Target Support Files/Pods-iOS_CoreAnimation_Demo/Pods-iOS_CoreAnimation_Demo-frameworks.sh\"\n";
			showEnvVarsInLog = 0;
		};
		8725E2A64179C092793140AE /* [CP] Check Pods Manifest.lock */ = {
			isa = PBXShellScriptBuildPhase;
			buildActionMask = 2147483647;
			files = (
			);
			inputFileListPaths = (
			);
			inputPaths = (
				"${PODS_PODFILE_DIR_PATH}/Podfile.lock",
				"${PODS_ROOT}/Manifest.lock",
			);
			name = "[CP] Check Pods Manifest.lock";
			outputFileListPaths = (
			);
			outputPaths = (
				"$(DERIVED_FILE_DIR)/Pods-iOS_CoreAnimation_DemoTests-checkManifestLockResult.txt",
			);
			runOnlyForDeploymentPostprocessing = 0;
			shellPath = /bin/sh;
			shellScript = "diff \"${PODS_PODFILE_DIR_PATH}/Podfile.lock\" \"${PODS_ROOT}/Manifest.lock\" > /dev/null\nif [ $? != 0 ] ; then\n    # print error to STDERR\n    echo \"error: The sandbox is not in sync with the Podfile.lock. Run 'pod install' or update your CocoaPods installation.\" >&2\n    exit 1\nfi\n# This output is used by Xcode 'outputs' to avoid re-running this script phase.\necho \"SUCCESS\" > \"${SCRIPT_OUTPUT_FILE_0}\"\n";
			showEnvVarsInLog = 0;
		};
		8C13DDDB8FAF97A8E985D157 /* [CP] Embed Pods Frameworks */ = {
			isa = PBXShellScriptBuildPhase;
			buildActionMask = 2147483647;
			files = (
			);
			inputFileListPaths = (
				"${PODS_ROOT}/Target Support Files/Pods-iOS_CoreAnimation_Demo-iOS_CoreAnimation_DemoUITests/Pods-iOS_CoreAnimation_Demo-iOS_CoreAnimation_DemoUITests-frameworks-${CONFIGURATION}-input-files.xcfilelist",
			);
			name = "[CP] Embed Pods Frameworks";
			outputFileListPaths = (
				"${PODS_ROOT}/Target Support Files/Pods-iOS_CoreAnimation_Demo-iOS_CoreAnimation_DemoUITests/Pods-iOS_CoreAnimation_Demo-iOS_CoreAnimation_DemoUITests-frameworks-${CONFIGURATION}-output-files.xcfilelist",
			);
			runOnlyForDeploymentPostprocessing = 0;
			shellPath = /bin/sh;
			shellScript = "\"${PODS_ROOT}/Target Support Files/Pods-iOS_CoreAnimation_Demo-iOS_CoreAnimation_DemoUITests/Pods-iOS_CoreAnimation_Demo-iOS_CoreAnimation_DemoUITests-frameworks.sh\"\n";
			showEnvVarsInLog = 0;
		};
		E1D4A074E66AA267BE2736F7 /* [CP] Check Pods Manifest.lock */ = {
			isa = PBXShellScriptBuildPhase;
			buildActionMask = 2147483647;
			files = (
			);
			inputFileListPaths = (
			);
			inputPaths = (
				"${PODS_PODFILE_DIR_PATH}/Podfile.lock",
				"${PODS_ROOT}/Manifest.lock",
			);
			name = "[CP] Check Pods Manifest.lock";
			outputFileListPaths = (
			);
			outputPaths = (
				"$(DERIVED_FILE_DIR)/Pods-iOS_CoreAnimation_Demo-checkManifestLockResult.txt",
			);
			runOnlyForDeploymentPostprocessing = 0;
			shellPath = /bin/sh;
			shellScript = "diff \"${PODS_PODFILE_DIR_PATH}/Podfile.lock\" \"${PODS_ROOT}/Manifest.lock\" > /dev/null\nif [ $? != 0 ] ; then\n    # print error to STDERR\n    echo \"error: The sandbox is not in sync with the Podfile.lock. Run 'pod install' or update your CocoaPods installation.\" >&2\n    exit 1\nfi\n# This output is used by Xcode 'outputs' to avoid re-running this script phase.\necho \"SUCCESS\" > \"${SCRIPT_OUTPUT_FILE_0}\"\n";
			showEnvVarsInLog = 0;
		};
/* End PBXShellScriptBuildPhase section */

/* Begin PBXSourcesBuildPhase section */
		F471E9682B5BC05700978BCC /* Sources */ = {
			isa = PBXSourcesBuildPhase;
			buildActionMask = 2147483647;
			files = (
				F471E9742B5BC05700978BCC /* ViewController.swift in Sources */,
				F4659C852B64D54700141B09 /* BasicKnowledgeVC.swift in Sources */,
				F4AC50C52B8C3FB10066114C /* CATransfrom3DVC.swift in Sources */,
				F4DCB1DE2B5BCAAA0053D1B3 /* UIScrollView+Extension.swift in Sources */,
				F4AC50C02B8C33FF0066114C /* TestInilitial.swift in Sources */,
				F4DCB1EA2B5BDF900053D1B3 /* UIView+Frame.swift in Sources */,
				F4AC50BA2B8B86C40066114C /* LayerTreeVC.swift in Sources */,
				F471E9702B5BC05700978BCC /* AppDelegate.swift in Sources */,
				F4AC50B82B8B52490066114C /* CALayerKnowledgeVC.swift in Sources */,
				F4DCB1E32B5BD1EF0053D1B3 /* CALength.swift in Sources */,
				F4DCB1E72B5BD3F60053D1B3 /* BaseAnimationVC.swift in Sources */,
			);
			runOnlyForDeploymentPostprocessing = 0;
		};
		F471E97E2B5BC05900978BCC /* Sources */ = {
			isa = PBXSourcesBuildPhase;
			buildActionMask = 2147483647;
			files = (
				F471E9872B5BC05900978BCC /* iOS_CoreAnimation_DemoTests.swift in Sources */,
			);
			runOnlyForDeploymentPostprocessing = 0;
		};
		F471E9882B5BC05900978BCC /* Sources */ = {
			isa = PBXSourcesBuildPhase;
			buildActionMask = 2147483647;
			files = (
				F471E9912B5BC05900978BCC /* iOS_CoreAnimation_DemoUITests.swift in Sources */,
				F471E9932B5BC05900978BCC /* iOS_CoreAnimation_DemoUITestsLaunchTests.swift in Sources */,
			);
			runOnlyForDeploymentPostprocessing = 0;
		};
/* End PBXSourcesBuildPhase section */

/* Begin PBXTargetDependency section */
		F471E9842B5BC05900978BCC /* PBXTargetDependency */ = {
			isa = PBXTargetDependency;
			target = F471E96B2B5BC05700978BCC /* iOS_CoreAnimation_Demo */;
			targetProxy = F471E9832B5BC05900978BCC /* PBXContainerItemProxy */;
		};
		F471E98E2B5BC05900978BCC /* PBXTargetDependency */ = {
			isa = PBXTargetDependency;
			target = F471E96B2B5BC05700978BCC /* iOS_CoreAnimation_Demo */;
			targetProxy = F471E98D2B5BC05900978BCC /* PBXContainerItemProxy */;
		};
/* End PBXTargetDependency section */

/* Begin PBXVariantGroup section */
		F471E97A2B5BC05900978BCC /* LaunchScreen.storyboard */ = {
			isa = PBXVariantGroup;
			children = (
				F471E97B2B5BC05900978BCC /* Base */,
			);
			name = LaunchScreen.storyboard;
			sourceTree = "<group>";
		};
/* End PBXVariantGroup section */

/* Begin XCBuildConfiguration section */
		F471E9942B5BC05900978BCC /* Debug */ = {
			isa = XCBuildConfiguration;
			buildSettings = {
				ALWAYS_SEARCH_USER_PATHS = NO;
				CLANG_ANALYZER_NONNULL = YES;
				CLANG_ANALYZER_NUMBER_OBJECT_CONVERSION = YES_AGGRESSIVE;
				CLANG_CXX_LANGUAGE_STANDARD = "gnu++20";
				CLANG_ENABLE_MODULES = YES;
				CLANG_ENABLE_OBJC_ARC = YES;
				CLANG_ENABLE_OBJC_WEAK = YES;
				CLANG_WARN_BLOCK_CAPTURE_AUTORELEASING = YES;
				CLANG_WARN_BOOL_CONVERSION = YES;
				CLANG_WARN_COMMA = YES;
				CLANG_WARN_CONSTANT_CONVERSION = YES;
				CLANG_WARN_DEPRECATED_OBJC_IMPLEMENTATIONS = YES;
				CLANG_WARN_DIRECT_OBJC_ISA_USAGE = YES_ERROR;
				CLANG_WARN_DOCUMENTATION_COMMENTS = YES;
				CLANG_WARN_EMPTY_BODY = YES;
				CLANG_WARN_ENUM_CONVERSION = YES;
				CLANG_WARN_INFINITE_RECURSION = YES;
				CLANG_WARN_INT_CONVERSION = YES;
				CLANG_WARN_NON_LITERAL_NULL_CONVERSION = YES;
				CLANG_WARN_OBJC_IMPLICIT_RETAIN_SELF = YES;
				CLANG_WARN_OBJC_LITERAL_CONVERSION = YES;
				CLANG_WARN_OBJC_ROOT_CLASS = YES_ERROR;
				CLANG_WARN_QUOTED_INCLUDE_IN_FRAMEWORK_HEADER = YES;
				CLANG_WARN_RANGE_LOOP_ANALYSIS = YES;
				CLANG_WARN_STRICT_PROTOTYPES = YES;
				CLANG_WARN_SUSPICIOUS_MOVE = YES;
				CLANG_WARN_UNGUARDED_AVAILABILITY = YES_AGGRESSIVE;
				CLANG_WARN_UNREACHABLE_CODE = YES;
				CLANG_WARN__DUPLICATE_METHOD_MATCH = YES;
				COPY_PHASE_STRIP = NO;
				DEBUG_INFORMATION_FORMAT = dwarf;
				ENABLE_STRICT_OBJC_MSGSEND = YES;
				ENABLE_TESTABILITY = YES;
				GCC_C_LANGUAGE_STANDARD = gnu11;
				GCC_DYNAMIC_NO_PIC = NO;
				GCC_NO_COMMON_BLOCKS = YES;
				GCC_OPTIMIZATION_LEVEL = 0;
				GCC_PREPROCESSOR_DEFINITIONS = (
					"DEBUG=1",
					"$(inherited)",
				);
				GCC_WARN_64_TO_32_BIT_CONVERSION = YES;
				GCC_WARN_ABOUT_RETURN_TYPE = YES_ERROR;
				GCC_WARN_UNDECLARED_SELECTOR = YES;
				GCC_WARN_UNINITIALIZED_AUTOS = YES_AGGRESSIVE;
				GCC_WARN_UNUSED_FUNCTION = YES;
				GCC_WARN_UNUSED_VARIABLE = YES;
				IPHONEOS_DEPLOYMENT_TARGET = 16.4;
				MTL_ENABLE_DEBUG_INFO = INCLUDE_SOURCE;
				MTL_FAST_MATH = YES;
				ONLY_ACTIVE_ARCH = YES;
				SDKROOT = iphoneos;
				SWIFT_ACTIVE_COMPILATION_CONDITIONS = DEBUG;
				SWIFT_OPTIMIZATION_LEVEL = "-Onone";
			};
			name = Debug;
		};
		F471E9952B5BC05900978BCC /* Release */ = {
			isa = XCBuildConfiguration;
			buildSettings = {
				ALWAYS_SEARCH_USER_PATHS = NO;
				CLANG_ANALYZER_NONNULL = YES;
				CLANG_ANALYZER_NUMBER_OBJECT_CONVERSION = YES_AGGRESSIVE;
				CLANG_CXX_LANGUAGE_STANDARD = "gnu++20";
				CLANG_ENABLE_MODULES = YES;
				CLANG_ENABLE_OBJC_ARC = YES;
				CLANG_ENABLE_OBJC_WEAK = YES;
				CLANG_WARN_BLOCK_CAPTURE_AUTORELEASING = YES;
				CLANG_WARN_BOOL_CONVERSION = YES;
				CLANG_WARN_COMMA = YES;
				CLANG_WARN_CONSTANT_CONVERSION = YES;
				CLANG_WARN_DEPRECATED_OBJC_IMPLEMENTATIONS = YES;
				CLANG_WARN_DIRECT_OBJC_ISA_USAGE = YES_ERROR;
				CLANG_WARN_DOCUMENTATION_COMMENTS = YES;
				CLANG_WARN_EMPTY_BODY = YES;
				CLANG_WARN_ENUM_CONVERSION = YES;
				CLANG_WARN_INFINITE_RECURSION = YES;
				CLANG_WARN_INT_CONVERSION = YES;
				CLANG_WARN_NON_LITERAL_NULL_CONVERSION = YES;
				CLANG_WARN_OBJC_IMPLICIT_RETAIN_SELF = YES;
				CLANG_WARN_OBJC_LITERAL_CONVERSION = YES;
				CLANG_WARN_OBJC_ROOT_CLASS = YES_ERROR;
				CLANG_WARN_QUOTED_INCLUDE_IN_FRAMEWORK_HEADER = YES;
				CLANG_WARN_RANGE_LOOP_ANALYSIS = YES;
				CLANG_WARN_STRICT_PROTOTYPES = YES;
				CLANG_WARN_SUSPICIOUS_MOVE = YES;
				CLANG_WARN_UNGUARDED_AVAILABILITY = YES_AGGRESSIVE;
				CLANG_WARN_UNREACHABLE_CODE = YES;
				CLANG_WARN__DUPLICATE_METHOD_MATCH = YES;
				COPY_PHASE_STRIP = NO;
				DEBUG_INFORMATION_FORMAT = "dwarf-with-dsym";
				ENABLE_NS_ASSERTIONS = NO;
				ENABLE_STRICT_OBJC_MSGSEND = YES;
				GCC_C_LANGUAGE_STANDARD = gnu11;
				GCC_NO_COMMON_BLOCKS = YES;
				GCC_WARN_64_TO_32_BIT_CONVERSION = YES;
				GCC_WARN_ABOUT_RETURN_TYPE = YES_ERROR;
				GCC_WARN_UNDECLARED_SELECTOR = YES;
				GCC_WARN_UNINITIALIZED_AUTOS = YES_AGGRESSIVE;
				GCC_WARN_UNUSED_FUNCTION = YES;
				GCC_WARN_UNUSED_VARIABLE = YES;
				IPHONEOS_DEPLOYMENT_TARGET = 16.4;
				MTL_ENABLE_DEBUG_INFO = NO;
				MTL_FAST_MATH = YES;
				SDKROOT = iphoneos;
				SWIFT_COMPILATION_MODE = wholemodule;
				SWIFT_OPTIMIZATION_LEVEL = "-O";
				VALIDATE_PRODUCT = YES;
			};
			name = Release;
		};
		F471E9972B5BC05900978BCC /* Debug */ = {
			isa = XCBuildConfiguration;
			baseConfigurationReference = E7708D166A141E28D3B25221 /* Pods-iOS_CoreAnimation_Demo.debug.xcconfig */;
			buildSettings = {
				ASSETCATALOG_COMPILER_APPICON_NAME = AppIcon;
				ASSETCATALOG_COMPILER_GLOBAL_ACCENT_COLOR_NAME = AccentColor;
				CLANG_ENABLE_MODULES = YES;
				CODE_SIGN_STYLE = Automatic;
				CURRENT_PROJECT_VERSION = 1;
				DEVELOPMENT_TEAM = 9Z6W9BH623;
				GENERATE_INFOPLIST_FILE = YES;
				INFOPLIST_FILE = iOS_CoreAnimation_Demo/Info.plist;
				INFOPLIST_KEY_UIApplicationSupportsIndirectInputEvents = YES;
				INFOPLIST_KEY_UILaunchStoryboardName = LaunchScreen.storyboard;
				INFOPLIST_KEY_UIMainStoryboardFile = "";
				INFOPLIST_KEY_UISupportedInterfaceOrientations_iPad = "UIInterfaceOrientationPortrait UIInterfaceOrientationPortraitUpsideDown UIInterfaceOrientationLandscapeLeft UIInterfaceOrientationLandscapeRight";
				INFOPLIST_KEY_UISupportedInterfaceOrientations_iPhone = "UIInterfaceOrientationPortrait UIInterfaceOrientationLandscapeLeft UIInterfaceOrientationLandscapeRight";
				IPHONEOS_DEPLOYMENT_TARGET = 11.0;
				LD_RUNPATH_SEARCH_PATHS = (
					"$(inherited)",
					"@executable_path/Frameworks",
				);
				MARKETING_VERSION = 1.0;
				PRODUCT_BUNDLE_IDENTIFIER = "com.BeforeStayUpAllNight123.iOS-CoreAnimation-Demo";
				PRODUCT_NAME = "$(TARGET_NAME)";
				SUPPORTED_PLATFORMS = "iphoneos iphonesimulator";
				SUPPORTS_MACCATALYST = NO;
				SUPPORTS_MAC_DESIGNED_FOR_IPHONE_IPAD = NO;
				SWIFT_EMIT_LOC_STRINGS = YES;
				SWIFT_OBJC_BRIDGING_HEADER = "iOS_CoreAnimation_Demo/iOS_CoreAnimation_Demo-Bridging-Header.h";
				SWIFT_OPTIMIZATION_LEVEL = "-Onone";
				SWIFT_VERSION = 5.0;
				TARGETED_DEVICE_FAMILY = 1;
			};
			name = Debug;
		};
		F471E9982B5BC05900978BCC /* Release */ = {
			isa = XCBuildConfiguration;
			baseConfigurationReference = 0BFBD2B902714284A921E149 /* Pods-iOS_CoreAnimation_Demo.release.xcconfig */;
			buildSettings = {
				ASSETCATALOG_COMPILER_APPICON_NAME = AppIcon;
				ASSETCATALOG_COMPILER_GLOBAL_ACCENT_COLOR_NAME = AccentColor;
				CLANG_ENABLE_MODULES = YES;
				CODE_SIGN_STYLE = Automatic;
				CURRENT_PROJECT_VERSION = 1;
				DEVELOPMENT_TEAM = 9Z6W9BH623;
				GENERATE_INFOPLIST_FILE = YES;
				INFOPLIST_FILE = iOS_CoreAnimation_Demo/Info.plist;
				INFOPLIST_KEY_UIApplicationSupportsIndirectInputEvents = YES;
				INFOPLIST_KEY_UILaunchStoryboardName = LaunchScreen.storyboard;
				INFOPLIST_KEY_UIMainStoryboardFile = "";
				INFOPLIST_KEY_UISupportedInterfaceOrientations_iPad = "UIInterfaceOrientationPortrait UIInterfaceOrientationPortraitUpsideDown UIInterfaceOrientationLandscapeLeft UIInterfaceOrientationLandscapeRight";
				INFOPLIST_KEY_UISupportedInterfaceOrientations_iPhone = "UIInterfaceOrientationPortrait UIInterfaceOrientationLandscapeLeft UIInterfaceOrientationLandscapeRight";
				IPHONEOS_DEPLOYMENT_TARGET = 11.0;
				LD_RUNPATH_SEARCH_PATHS = (
					"$(inherited)",
					"@executable_path/Frameworks",
				);
				MARKETING_VERSION = 1.0;
				PRODUCT_BUNDLE_IDENTIFIER = "com.BeforeStayUpAllNight123.iOS-CoreAnimation-Demo";
				PRODUCT_NAME = "$(TARGET_NAME)";
				SUPPORTED_PLATFORMS = "iphoneos iphonesimulator";
				SUPPORTS_MACCATALYST = NO;
				SUPPORTS_MAC_DESIGNED_FOR_IPHONE_IPAD = NO;
				SWIFT_EMIT_LOC_STRINGS = YES;
				SWIFT_OBJC_BRIDGING_HEADER = "iOS_CoreAnimation_Demo/iOS_CoreAnimation_Demo-Bridging-Header.h";
				SWIFT_VERSION = 5.0;
				TARGETED_DEVICE_FAMILY = 1;
			};
			name = Release;
		};
		F471E99A2B5BC05900978BCC /* Debug */ = {
			isa = XCBuildConfiguration;
			baseConfigurationReference = A4D3EE7FE4AEE2907A2D9CC3 /* Pods-iOS_CoreAnimation_DemoTests.debug.xcconfig */;
			buildSettings = {
				ALWAYS_EMBED_SWIFT_STANDARD_LIBRARIES = YES;
				BUNDLE_LOADER = "$(TEST_HOST)";
				CODE_SIGN_STYLE = Automatic;
				CURRENT_PROJECT_VERSION = 1;
				DEVELOPMENT_TEAM = 9Z6W9BH623;
				GENERATE_INFOPLIST_FILE = YES;
				IPHONEOS_DEPLOYMENT_TARGET = 16.4;
				MARKETING_VERSION = 1.0;
				PRODUCT_BUNDLE_IDENTIFIER = "com.BeforeStayUpAllNight123.iOS-CoreAnimation-DemoTests";
				PRODUCT_NAME = "$(TARGET_NAME)";
				SWIFT_EMIT_LOC_STRINGS = NO;
				SWIFT_VERSION = 5.0;
				TARGETED_DEVICE_FAMILY = "1,2";
				TEST_HOST = "$(BUILT_PRODUCTS_DIR)/iOS_CoreAnimation_Demo.app/$(BUNDLE_EXECUTABLE_FOLDER_PATH)/iOS_CoreAnimation_Demo";
			};
			name = Debug;
		};
		F471E99B2B5BC05900978BCC /* Release */ = {
			isa = XCBuildConfiguration;
			baseConfigurationReference = 1F1A4CCE5E274089C492B23F /* Pods-iOS_CoreAnimation_DemoTests.release.xcconfig */;
			buildSettings = {
				ALWAYS_EMBED_SWIFT_STANDARD_LIBRARIES = YES;
				BUNDLE_LOADER = "$(TEST_HOST)";
				CODE_SIGN_STYLE = Automatic;
				CURRENT_PROJECT_VERSION = 1;
				DEVELOPMENT_TEAM = 9Z6W9BH623;
				GENERATE_INFOPLIST_FILE = YES;
				IPHONEOS_DEPLOYMENT_TARGET = 16.4;
				MARKETING_VERSION = 1.0;
				PRODUCT_BUNDLE_IDENTIFIER = "com.BeforeStayUpAllNight123.iOS-CoreAnimation-DemoTests";
				PRODUCT_NAME = "$(TARGET_NAME)";
				SWIFT_EMIT_LOC_STRINGS = NO;
				SWIFT_VERSION = 5.0;
				TARGETED_DEVICE_FAMILY = "1,2";
				TEST_HOST = "$(BUILT_PRODUCTS_DIR)/iOS_CoreAnimation_Demo.app/$(BUNDLE_EXECUTABLE_FOLDER_PATH)/iOS_CoreAnimation_Demo";
			};
			name = Release;
		};
		F471E99D2B5BC05900978BCC /* Debug */ = {
			isa = XCBuildConfiguration;
			baseConfigurationReference = 8240FD971DF24E2DC9CC57B4 /* Pods-iOS_CoreAnimation_Demo-iOS_CoreAnimation_DemoUITests.debug.xcconfig */;
			buildSettings = {
				ALWAYS_EMBED_SWIFT_STANDARD_LIBRARIES = YES;
				CODE_SIGN_STYLE = Automatic;
				CURRENT_PROJECT_VERSION = 1;
				DEVELOPMENT_TEAM = 9Z6W9BH623;
				GENERATE_INFOPLIST_FILE = YES;
				MARKETING_VERSION = 1.0;
				PRODUCT_BUNDLE_IDENTIFIER = "com.BeforeStayUpAllNight123.iOS-CoreAnimation-DemoUITests";
				PRODUCT_NAME = "$(TARGET_NAME)";
				SWIFT_EMIT_LOC_STRINGS = NO;
				SWIFT_VERSION = 5.0;
				TARGETED_DEVICE_FAMILY = "1,2";
				TEST_TARGET_NAME = iOS_CoreAnimation_Demo;
			};
			name = Debug;
		};
		F471E99E2B5BC05900978BCC /* Release */ = {
			isa = XCBuildConfiguration;
			baseConfigurationReference = F69DCF603E3574A849764EE5 /* Pods-iOS_CoreAnimation_Demo-iOS_CoreAnimation_DemoUITests.release.xcconfig */;
			buildSettings = {
				ALWAYS_EMBED_SWIFT_STANDARD_LIBRARIES = YES;
				CODE_SIGN_STYLE = Automatic;
				CURRENT_PROJECT_VERSION = 1;
				DEVELOPMENT_TEAM = 9Z6W9BH623;
				GENERATE_INFOPLIST_FILE = YES;
				MARKETING_VERSION = 1.0;
				PRODUCT_BUNDLE_IDENTIFIER = "com.BeforeStayUpAllNight123.iOS-CoreAnimation-DemoUITests";
				PRODUCT_NAME = "$(TARGET_NAME)";
				SWIFT_EMIT_LOC_STRINGS = NO;
				SWIFT_VERSION = 5.0;
				TARGETED_DEVICE_FAMILY = "1,2";
				TEST_TARGET_NAME = iOS_CoreAnimation_Demo;
			};
			name = Release;
		};
/* End XCBuildConfiguration section */

/* Begin XCConfigurationList section */
		F471E9672B5BC05700978BCC /* Build configuration list for PBXProject "iOS_CoreAnimation_Demo" */ = {
			isa = XCConfigurationList;
			buildConfigurations = (
				F471E9942B5BC05900978BCC /* Debug */,
				F471E9952B5BC05900978BCC /* Release */,
			);
			defaultConfigurationIsVisible = 0;
			defaultConfigurationName = Release;
		};
		F471E9962B5BC05900978BCC /* Build configuration list for PBXNativeTarget "iOS_CoreAnimation_Demo" */ = {
			isa = XCConfigurationList;
			buildConfigurations = (
				F471E9972B5BC05900978BCC /* Debug */,
				F471E9982B5BC05900978BCC /* Release */,
			);
			defaultConfigurationIsVisible = 0;
			defaultConfigurationName = Release;
		};
		F471E9992B5BC05900978BCC /* Build configuration list for PBXNativeTarget "iOS_CoreAnimation_DemoTests" */ = {
			isa = XCConfigurationList;
			buildConfigurations = (
				F471E99A2B5BC05900978BCC /* Debug */,
				F471E99B2B5BC05900978BCC /* Release */,
			);
			defaultConfigurationIsVisible = 0;
			defaultConfigurationName = Release;
		};
		F471E99C2B5BC05900978BCC /* Build configuration list for PBXNativeTarget "iOS_CoreAnimation_DemoUITests" */ = {
			isa = XCConfigurationList;
			buildConfigurations = (
				F471E99D2B5BC05900978BCC /* Debug */,
				F471E99E2B5BC05900978BCC /* Release */,
			);
			defaultConfigurationIsVisible = 0;
			defaultConfigurationName = Release;
		};
/* End XCConfigurationList section */
	};
	rootObject = F471E9642B5BC05700978BCC /* Project object */;
}
